<?xml version="1.0" encoding="UTF-8"?>
<Scheme LastUpgradeVersion="2600" version="1.3">
<BuildAction parallelizeBuildables="YES" buildImplicitDependencies="YES"><BuildActionEntries>
<BuildActionEntry buildForTesting="YES" buildForRunning="YES" buildForProfiling="YES" buildForArchiving="YES" buildForAnalyzing="YES"><BuildableReference BuildableIdentifier="primary" BlueprintIdentifier="425BD908E09D81BFC71EBC87" BuildableName="ClearClass.app" BlueprintName="ClearClass" ReferencedContainer="container:ClearClass.xcodeproj"/></BuildActionEntry>
</BuildActionEntries></BuildAction>
<TestAction buildConfiguration="Debug" selectedDebuggerIdentifier="Xcode.DebuggerFoundation.Debugger.LLDB" selectedLauncherIdentifier="Xcode.IDEFoundation.Launcher.LLDB" shouldUseLaunchSchemeArgsEnv="YES"><Testables><TestableReference skipped="NO"><BuildableReference BuildableIdentifier="primary" BlueprintIdentifier="85CDFE54FB72D1AC8917011B" BuildableName="ClearClassTests.xctest" BlueprintName="ClearClassTests" ReferencedContainer="container:ClearClass.xcodeproj"/></TestableReference><TestableReference skipped="NO"><BuildableReference BuildableIdentifier="primary" BlueprintIdentifier="4AF66C3121C0E279E562B7CE" BuildableName="ClearClassUITests.xctest" BlueprintName="ClearClassUITests" ReferencedContainer="container:ClearClass.xcodeproj"/></TestableReference></Testables></TestAction>
<LaunchAction buildConfiguration="Debug" selectedDebuggerIdentifier="Xcode.DebuggerFoundation.Debugger.LLDB" selectedLauncherIdentifier="Xcode.IDEFoundation.Launcher.LLDB" launchStyle="0" useCustomWorkingDirectory="NO" ignoresPersistentStateOnLaunch="NO" debugDocumentVersioning="YES" debugServiceExtension="internal" allowLocationSimulation="YES"><BuildableProductRunnable runnableDebuggingMode="0"><BuildableReference BuildableIdentifier="primary" BlueprintIdentifier="425BD908E09D81BFC71EBC87" BuildableName="ClearClass.app" BlueprintName="ClearClass" ReferencedContainer="container:ClearClass.xcodeproj"/></BuildableProductRunnable></LaunchAction>
<ProfileAction buildConfiguration="Release" shouldUseLaunchSchemeArgsEnv="YES" savedToolIdentifier="" useCustomWorkingDirectory="NO" debugDocumentVersioning="YES"><BuildableProductRunnable runnableDebuggingMode="0"><BuildableReference BuildableIdentifier="primary" BlueprintIdentifier="425BD908E09D81BFC71EBC87" BuildableName="ClearClass.app" BlueprintName="ClearClass" ReferencedContainer="container:ClearClass.xcodeproj"/></BuildableProductRunnable></ProfileAction>
<AnalyzeAction buildConfiguration="Debug"/><ArchiveAction buildConfiguration="Release" revealArchiveInOrganizer="YES"/>
</Scheme>