// !$*UTF8*$!
{archiveVersion = 1; classes = {}; objectVersion = 56; objects = {
  9FE278F093AEF30DCA6C549E = {isa = PBXFileReference; lastKnownFileType = sourcecode.swift; path = "Sources/App/AppPreview.swift"; sourceTree = "<group>";};
  0785DF60A70EAC389F4030DD = {isa = PBXFileReference; lastKnownFileType = sourcecode.swift; path = "Sources/App/ClearClassApp.swift"; sourceTree = "<group>";};
  56DD080D39A7CEC8179D3F0E = {isa = PBXFileReference; lastKnownFileType = sourcecode.swift; path = "Sources/App/CourseEditorView.swift"; sourceTree = "<group>";};
  2348EAE11B621560307F4C7C = {isa = PBXFileReference; lastKnownFileType = sourcecode.swift; path = "Sources/App/GlassStyle.swift"; sourceTree = "<group>";};
  F7A775856175E76F26BE099C = {isa = PBXFileReference; lastKnownFileType = sourcecode.swift; path = "Sources/App/ImportView.swift"; sourceTree = "<group>";};
  D150C09FAE1AF133E0DE1963 = {isa = PBXFileReference; lastKnownFileType = sourcecode.swift; path = "Sources/App/KaiFont.swift"; sourceTree = "<group>";};
  B1B67E5B5764AC64B0BD6843 = {isa = PBXFileReference; lastKnownFileType = sourcecode.swift; path = "Sources/App/OCRService.swift"; sourceTree = "<group>";};
  6B63FEAB50B7B55E012DB435 = {isa = PBXFileReference; lastKnownFileType = sourcecode.swift; path = "Sources/App/ScheduleStore.swift"; sourceTree = "<group>";};
  AC435F2D2D90818A29F359CF = {isa = PBXFileReference; lastKnownFileType = sourcecode.swift; path = "Sources/App/SettingsView.swift"; sourceTree = "<group>";};
  F0464764B09E629F0D0566F1 = {isa = PBXFileReference; lastKnownFileType = sourcecode.swift; path = "Sources/App/SpreadsheetService.swift"; sourceTree = "<group>";};
  589574E5673F347FEC2A2C5D = {isa = PBXFileReference; lastKnownFileType = sourcecode.swift; path = "Sources/App/TodayView.swift"; sourceTree = "<group>";};
  96508EB66BD6EFE01A7A9067 = {isa = PBXFileReference; lastKnownFileType = sourcecode.swift; path = "Sources/App/WeeklyScheduleView.swift"; sourceTree = "<group>";};
  DA527662916F0FA40D27C2D6 = {isa = PBXFileReference; lastKnownFileType = sourcecode.swift; path = "Sources/Shared/ExampleSchedule.swift"; sourceTree = "<group>";};
  6C6912D46B5F46FB180677D2 = {isa = PBXFileReference; lastKnownFileType = sourcecode.swift; path = "Sources/Shared/Models.swift"; sourceTree = "<group>";};
  CFE1FE554E7423F0BBDC263F = {isa = PBXFileReference; lastKnownFileType = sourcecode.swift; path = "Sources/Shared/ScheduleEngine.swift"; sourceTree = "<group>";};
  187BF13EA1886598F39E6357 = {isa = PBXFileReference; lastKnownFileType = sourcecode.swift; path = "Sources/Shared/SharedRepository.swift"; sourceTree = "<group>";};
  1CA2E402485F6F7B448E2806 = {isa = PBXFileReference; lastKnownFileType = sourcecode.swift; path = "Sources/Shared/TimetableParser.swift"; sourceTree = "<group>";};
  73311E7E7AF5864D68FCE5A9 = {isa = PBXFileReference; lastKnownFileType = sourcecode.swift; path = "Sources/Shared/WeekExpression.swift"; sourceTree = "<group>";};
  29667B7DFC0BDF56D51AF6B4 = {isa = PBXFileReference; lastKnownFileType = sourcecode.swift; path = "Sources/Widgets/ClearClassWidgets.swift"; sourceTree = "<group>";};
  1970C8AA0FAE1152ABD35110 = {isa = PBXFileReference; lastKnownFileType = sourcecode.swift; path = "Tests/ScheduleTests.swift"; sourceTree = "<group>";};
  EA49E89243EB01998F010666 = {isa = PBXFileReference; lastKnownFileType = text; path = "Resources/xlsx.full.min.js"; sourceTree = "<group>";};
  FD2C6D9B3C3F4A67330DE190 = {isa = PBXFileReference; lastKnownFileType = text; path = "Resources/SpreadsheetImport.js"; sourceTree = "<group>";};
  74E5B2F192CA1E6928A500F9 = {isa = PBXFileReference; lastKnownFileType = text; path = "Resources/SHEETJS-LICENSE.txt"; sourceTree = "<group>";};
  E0E27618A2D2A8FEBDD49F35 = {isa = PBXFileReference; lastKnownFileType = folder.assetcatalog; path = "Resources/Assets.xcassets"; sourceTree = "<group>";};
  624ED7B846065B970B7A5E0D = {isa = PBXFileReference; lastKnownFileType = text; path = "Resources/LXGWWenKai-Regular.ttf"; sourceTree = "<group>";};
  5D45CC1BA782ACAB353FD0C7 = {isa = PBXFileReference; lastKnownFileType = text; path = "Resources/WENKAI-OFL.txt"; sourceTree = "<group>";};
  9AFF6D0635EDC69078CFB9CF = {isa = PBXFileReference; lastKnownFileType = text.xcconfig; path = "Configuration/Settings.xcconfig"; sourceTree = "<group>";};
  D437E45AA1DBB59470A7AE07 = {isa = PBXFileReference; lastKnownFileType = text.plist.xml; path = "Configuration/App-Info.plist"; sourceTree = "<group>";};
  60A87AE48393CC5C4E6F5C7B = {isa = PBXFileReference; lastKnownFileType = text.plist.xml; path = "Configuration/Widget-Info.plist"; sourceTree = "<group>";};
  4E2D23C95FD1BAC4CED90CF4 = {isa = PBXFileReference; lastKnownFileType = text.plist.xml; path = "Configuration/App.entitlements"; sourceTree = "<group>";};
  F47CD7A97C76D3CC2EDC774D = {isa = PBXFileReference; lastKnownFileType = text.plist.xml; path = "Configuration/Widget.entitlements"; sourceTree = "<group>";};
  8E1504BCFB1C297ADB11CBFC = {isa = PBXFileReference; explicitFileType = wrapper.application; includeInIndex = 0; path = "ClearClass.app"; sourceTree = BUILT_PRODUCTS_DIR;};
  A168A867E7E0B6B93793BBB2 = {isa = PBXFileReference; explicitFileType = wrapper.app-extension; includeInIndex = 0; path = "ClearClassWidgets.appex"; sourceTree = BUILT_PRODUCTS_DIR;};
  BAD7B1702130EE9A1AA0EADB = {isa = PBXFileReference; explicitFileType = wrapper.cfbundle; includeInIndex = 0; path = "ClearClassTests.xctest"; sourceTree = BUILT_PRODUCTS_DIR;};
  FBDC4F23F93125BBEEAE800C = {isa = PBXGroup; children = (8E1504BCFB1C297ADB11CBFC, A168A867E7E0B6B93793BBB2, BAD7B1702130EE9A1AA0EADB,); name = Products; sourceTree = "<group>";};
  E50290A24C49A459B43487C5 = {isa = PBXGroup; children = (9FE278F093AEF30DCA6C549E, 0785DF60A70EAC389F4030DD, 56DD080D39A7CEC8179D3F0E, 2348EAE11B621560307F4C7C, F7A775856175E76F26BE099C, D150C09FAE1AF133E0DE1963, B1B67E5B5764AC64B0BD6843, 6B63FEAB50B7B55E012DB435, AC435F2D2D90818A29F359CF, F0464764B09E629F0D0566F1, 589574E5673F347FEC2A2C5D, 96508EB66BD6EFE01A7A9067, DA527662916F0FA40D27C2D6, 6C6912D46B5F46FB180677D2, CFE1FE554E7423F0BBDC263F, 187BF13EA1886598F39E6357, 1CA2E402485F6F7B448E2806, 73311E7E7AF5864D68FCE5A9, 29667B7DFC0BDF56D51AF6B4, 1970C8AA0FAE1152ABD35110, EA49E89243EB01998F010666, FD2C6D9B3C3F4A67330DE190, 74E5B2F192CA1E6928A500F9, E0E27618A2D2A8FEBDD49F35, 624ED7B846065B970B7A5E0D, 5D45CC1BA782ACAB353FD0C7, 9AFF6D0635EDC69078CFB9CF, D437E45AA1DBB59470A7AE07, 60A87AE48393CC5C4E6F5C7B, 4E2D23C95FD1BAC4CED90CF4, F47CD7A97C76D3CC2EDC774D, FBDC4F23F93125BBEEAE800C,); sourceTree = "<group>";};
  89E1FD6268CC0F221A2BE178 = {isa = XCBuildConfiguration; baseConfigurationReference = 9AFF6D0635EDC69078CFB9CF; buildSettings = {SDKROOT = "iphoneos"; IPHONEOS_DEPLOYMENT_TARGET = "17.0"; SWIFT_VERSION = "5.0"; CLANG_ENABLE_MODULES = "YES"; SWIFT_STRICT_CONCURRENCY = "targeted"; ENABLE_USER_SCRIPT_SANDBOXING = "YES"; GCC_C_LANGUAGE_STANDARD = "gnu17"; CLANG_WARN_DOCUMENTATION_COMMENTS = "YES"; CLANG_WARN_UNREACHABLE_CODE = "YES"; SWIFT_OPTIMIZATION_LEVEL = "-Onone"; DEBUG_INFORMATION_FORMAT = "dwarf"; SWIFT_ACTIVE_COMPILATION_CONDITIONS = "DEBUG";}; name = Debug;};
  E6DE6C99132752C914FEF632 = {isa = XCBuildConfiguration; baseConfigurationReference = 9AFF6D0635EDC69078CFB9CF; buildSettings = {SDKROOT = "iphoneos"; IPHONEOS_DEPLOYMENT_TARGET = "17.0"; SWIFT_VERSION = "5.0"; CLANG_ENABLE_MODULES = "YES"; SWIFT_STRICT_CONCURRENCY = "targeted"; ENABLE_USER_SCRIPT_SANDBOXING = "YES"; GCC_C_LANGUAGE_STANDARD = "gnu17"; CLANG_WARN_DOCUMENTATION_COMMENTS = "YES"; CLANG_WARN_UNREACHABLE_CODE = "YES"; SWIFT_OPTIMIZATION_LEVEL = "-O"; DEBUG_INFORMATION_FORMAT = "dwarf-with-dsym";}; name = Release;};
  862894B703A6DEDF96A9DD6C = {isa = XCConfigurationList; buildConfigurations = (89E1FD6268CC0F221A2BE178, E6DE6C99132752C914FEF632,); defaultConfigurationIsVisible = 0; defaultConfigurationName = Release;};
  8CD1D4FB2592104C890D5196 = {isa = PBXBuildFile; fileRef = 9FE278F093AEF30DCA6C549E; };
  55214820982FFD5C2F32A36B = {isa = PBXBuildFile; fileRef = 0785DF60A70EAC389F4030DD; };
  370C75362C45737D8828165C = {isa = PBXBuildFile; fileRef = 56DD080D39A7CEC8179D3F0E; };
  9CC2773A449E3E02233876F0 = {isa = PBXBuildFile; fileRef = 2348EAE11B621560307F4C7C; };
  60788DD128EE42AA76C4484D = {isa = PBXBuildFile; fileRef = F7A775856175E76F26BE099C; };
  70F4AA71FBC6ACC589D49220 = {isa = PBXBuildFile; fileRef = D150C09FAE1AF133E0DE1963; };
  5B8EDE636924AFE70CAD5E07 = {isa = PBXBuildFile; fileRef = B1B67E5B5764AC64B0BD6843; };
  A5B6C8D49C00AEAB97633942 = {isa = PBXBuildFile; fileRef = 6B63FEAB50B7B55E012DB435; };
  A3ECE5ABE9FD28994411F709 = {isa = PBXBuildFile; fileRef = AC435F2D2D90818A29F359CF; };
  F9718C3059D257C1185A3438 = {isa = PBXBuildFile; fileRef = F0464764B09E629F0D0566F1; };
  0378229CBCF24673E6607F64 = {isa = PBXBuildFile; fileRef = 589574E5673F347FEC2A2C5D; };
  356D1C705F4286C8286137DF = {isa = PBXBuildFile; fileRef = 96508EB66BD6EFE01A7A9067; };
  60C2B63D8F26385B97EC4EBC = {isa = PBXBuildFile; fileRef = DA527662916F0FA40D27C2D6; };
  0DF016DDD51D8F0C9FB5475F = {isa = PBXBuildFile; fileRef = 6C6912D46B5F46FB180677D2; };
  1253800B23A5C53FF26733CB = {isa = PBXBuildFile; fileRef = CFE1FE554E7423F0BBDC263F; };
  A466D76FA75D2B9153B3C3C0 = {isa = PBXBuildFile; fileRef = 187BF13EA1886598F39E6357; };
  1BDC29FB5E8D0C19E3713532 = {isa = PBXBuildFile; fileRef = 1CA2E402485F6F7B448E2806; };
  1FCA4F026369105A3EC7DB53 = {isa = PBXBuildFile; fileRef = 73311E7E7AF5864D68FCE5A9; };
  2FD91B7A507D2F398A546420 = {isa = PBXBuildFile; fileRef = 2348EAE11B621560307F4C7C;};
  7A79E5A2C71F1BD0BEAD3182 = {isa = PBXBuildFile; fileRef = D150C09FAE1AF133E0DE1963;};
  2110AEE6CC52998C5DA1220D = {isa = PBXBuildFile; fileRef = DA527662916F0FA40D27C2D6;};
  938D9719DA5468DA49E9CB9D = {isa = PBXBuildFile; fileRef = 6C6912D46B5F46FB180677D2;};
  946834DA1E38AF7E9B37E445 = {isa = PBXBuildFile; fileRef = CFE1FE554E7423F0BBDC263F;};
  16443755709CCB0FAD266347 = {isa = PBXBuildFile; fileRef = 187BF13EA1886598F39E6357;};
  9AE0EEBF79A1FB880E2670C6 = {isa = PBXBuildFile; fileRef = 1CA2E402485F6F7B448E2806;};
  5533D3A7138E14085F6C4DD6 = {isa = PBXBuildFile; fileRef = 73311E7E7AF5864D68FCE5A9;};
  0DB42E29A1741FC977AD7E27 = {isa = PBXBuildFile; fileRef = 29667B7DFC0BDF56D51AF6B4;};
  971ED9D05B25DB6C4D7680D4 = {isa = PBXSourcesBuildPhase; buildActionMask = 2147483647; files = (8CD1D4FB2592104C890D5196, 55214820982FFD5C2F32A36B, 370C75362C45737D8828165C, 9CC2773A449E3E02233876F0, 60788DD128EE42AA76C4484D, 70F4AA71FBC6ACC589D49220, 5B8EDE636924AFE70CAD5E07, A5B6C8D49C00AEAB97633942, A3ECE5ABE9FD28994411F709, F9718C3059D257C1185A3438, 0378229CBCF24673E6607F64, 356D1C705F4286C8286137DF, 60C2B63D8F26385B97EC4EBC, 0DF016DDD51D8F0C9FB5475F, 1253800B23A5C53FF26733CB, A466D76FA75D2B9153B3C3C0, 1BDC29FB5E8D0C19E3713532, 1FCA4F026369105A3EC7DB53,); runOnlyForDeploymentPostprocessing = 0;};
  78AE8C6BEB2A40A6D824CCEE = {isa = PBXFrameworksBuildPhase; buildActionMask = 2147483647; files = (); runOnlyForDeploymentPostprocessing = 0;};
  4D2A10312C2721CC092B2484 = {isa = PBXBuildFile; fileRef = EA49E89243EB01998F010666; };
  A99D3B35AEE0CE941EDBE5A6 = {isa = PBXBuildFile; fileRef = FD2C6D9B3C3F4A67330DE190; };
  08F1BFFD4D32847493557306 = {isa = PBXBuildFile; fileRef = 74E5B2F192CA1E6928A500F9; };
  99A9D11DC0ED469F11C49EC5 = {isa = PBXBuildFile; fileRef = E0E27618A2D2A8FEBDD49F35; };
  1CCCF8C63D610B1EDF8BB596 = {isa = PBXBuildFile; fileRef = 624ED7B846065B970B7A5E0D; };
  81339D0CC272916A0DF79B4F = {isa = PBXBuildFile; fileRef = 5D45CC1BA782ACAB353FD0C7; };
  364863F9F2E558B0F50473FC = {isa = PBXResourcesBuildPhase; buildActionMask = 2147483647; files = (4D2A10312C2721CC092B2484, A99D3B35AEE0CE941EDBE5A6, 08F1BFFD4D32847493557306, 99A9D11DC0ED469F11C49EC5, 1CCCF8C63D610B1EDF8BB596, 81339D0CC272916A0DF79B4F,); runOnlyForDeploymentPostprocessing = 0;};
  6EEB140D8F89EA11D72E792C = {isa = PBXBuildFile; fileRef = 624ED7B846065B970B7A5E0D;};
  7F47BF797036CCD457245D52 = {isa = PBXBuildFile; fileRef = 5D45CC1BA782ACAB353FD0C7;};
  2D81737A052BBAAD15A6D3C1 = {isa = PBXSourcesBuildPhase; buildActionMask = 2147483647; files = (2FD91B7A507D2F398A546420, 7A79E5A2C71F1BD0BEAD3182, 2110AEE6CC52998C5DA1220D, 938D9719DA5468DA49E9CB9D, 946834DA1E38AF7E9B37E445, 16443755709CCB0FAD266347, 9AE0EEBF79A1FB880E2670C6, 5533D3A7138E14085F6C4DD6, 0DB42E29A1741FC977AD7E27,); runOnlyForDeploymentPostprocessing = 0;};
  7683A40AB86681224A5404DF = {isa = PBXFrameworksBuildPhase; buildActionMask = 2147483647; files = (); runOnlyForDeploymentPostprocessing = 0;};
  FE608D3A8638F8175D740C08 = {isa = PBXResourcesBuildPhase; buildActionMask = 2147483647; files = (6EEB140D8F89EA11D72E792C, 7F47BF797036CCD457245D52,); runOnlyForDeploymentPostprocessing = 0;};
  FB576CAC059E8122B7FCCA3D = {isa = PBXBuildFile; fileRef = 1970C8AA0FAE1152ABD35110; };
  6E431EB0650617AA1756B320 = {isa = PBXSourcesBuildPhase; buildActionMask = 2147483647; files = (FB576CAC059E8122B7FCCA3D,); runOnlyForDeploymentPostprocessing = 0;};
  1ABF84E55BD30AC2CEF8FC42 = {isa = PBXFrameworksBuildPhase; buildActionMask = 2147483647; files = (); runOnlyForDeploymentPostprocessing = 0;};
  7DED7670B79BEA8B7480B1FC = {isa = PBXResourcesBuildPhase; buildActionMask = 2147483647; files = (); runOnlyForDeploymentPostprocessing = 0;};
  2BA4DE4C34AFF14FE5EF9751 = {isa = PBXBuildFile; fileRef = A168A867E7E0B6B93793BBB2; settings = {ATTRIBUTES = (CodeSignOnCopy, RemoveHeadersOnCopy,);};};
  CFFF27C96089B93150F3553B = {isa = PBXCopyFilesBuildPhase; buildActionMask = 2147483647; dstPath = ""; dstSubfolderSpec = 13; files = (2BA4DE4C34AFF14FE5EF9751,); name = "Embed App Extensions"; runOnlyForDeploymentPostprocessing = 0;};
  45DA28F74B44C9622F23F20A = {isa = PBXContainerItemProxy; containerPortal = 18454B2EA189A1CD7E1A0661; proxyType = 1; remoteGlobalIDString = 922F9DACDF1BFB7B975A0924;};
  09B3CD1B29EB6CBBE2368B53 = {isa = PBXTargetDependency; target = 922F9DACDF1BFB7B975A0924; targetProxy = 45DA28F74B44C9622F23F20A;};
  9B7BA64FD3C7F4274EF38A8F = {isa = PBXContainerItemProxy; containerPortal = 18454B2EA189A1CD7E1A0661; proxyType = 1; remoteGlobalIDString = 425BD908E09D81BFC71EBC87;};
  31A97550DA64250ABF927519 = {isa = PBXTargetDependency; target = 425BD908E09D81BFC71EBC87; targetProxy = 9B7BA64FD3C7F4274EF38A8F;};
  9770B5EB22919415741DCB2A = {isa = XCBuildConfiguration; baseConfigurationReference = 9AFF6D0635EDC69078CFB9CF; buildSettings = {PRODUCT_NAME = "$(TARGET_NAME)"; PRODUCT_BUNDLE_IDENTIFIER = "$(APP_BUNDLE_ID)"; INFOPLIST_FILE = "Configuration/App-Info.plist"; GENERATE_INFOPLIST_FILE = "NO"; CODE_SIGN_ENTITLEMENTS = "Configuration/App.entitlements"; TARGETED_DEVICE_FAMILY = "1,2"; ASSETCATALOG_COMPILER_APPICON_NAME = "AppIcon"; LD_RUNPATH_SEARCH_PATHS = "$(inherited) @executable_path/Frameworks"; ENABLE_TESTABILITY = "YES"; SUPPORTED_PLATFORMS = "iphoneos iphonesimulator"; SWIFT_OPTIMIZATION_LEVEL = "-Onone"; DEBUG_INFORMATION_FORMAT = "dwarf"; SWIFT_ACTIVE_COMPILATION_CONDITIONS = "DEBUG";}; name = Debug;};
  1A371123569641C8A5276F39 = {isa = XCBuildConfiguration; baseConfigurationReference = 9AFF6D0635EDC69078CFB9CF; buildSettings = {PRODUCT_NAME = "$(TARGET_NAME)"; PRODUCT_BUNDLE_IDENTIFIER = "$(APP_BUNDLE_ID)"; INFOPLIST_FILE = "Configuration/App-Info.plist"; GENERATE_INFOPLIST_FILE = "NO"; CODE_SIGN_ENTITLEMENTS = "Configuration/App.entitlements"; TARGETED_DEVICE_FAMILY = "1,2"; ASSETCATALOG_COMPILER_APPICON_NAME = "AppIcon"; LD_RUNPATH_SEARCH_PATHS = "$(inherited) @executable_path/Frameworks"; ENABLE_TESTABILITY = "YES"; SUPPORTED_PLATFORMS = "iphoneos iphonesimulator"; SWIFT_OPTIMIZATION_LEVEL = "-O"; DEBUG_INFORMATION_FORMAT = "dwarf-with-dsym";}; name = Release;};
  5B92857F9147949F98D800D8 = {isa = XCConfigurationList; buildConfigurations = (9770B5EB22919415741DCB2A, 1A371123569641C8A5276F39,); defaultConfigurationIsVisible = 0; defaultConfigurationName = Release;};
  425BD908E09D81BFC71EBC87 = {isa = PBXNativeTarget; buildConfigurationList = 5B92857F9147949F98D800D8; buildPhases = (971ED9D05B25DB6C4D7680D4, 78AE8C6BEB2A40A6D824CCEE, 364863F9F2E558B0F50473FC, CFFF27C96089B93150F3553B,); buildRules = (); dependencies = (09B3CD1B29EB6CBBE2368B53,); name = ClearClass; productName = ClearClass; productReference = 8E1504BCFB1C297ADB11CBFC; productType = "com.apple.product-type.application";};
  95DDE655F8AC3CE30AD003FE = {isa = XCBuildConfiguration; baseConfigurationReference = 9AFF6D0635EDC69078CFB9CF; buildSettings = {PRODUCT_NAME = "$(TARGET_NAME)"; PRODUCT_BUNDLE_IDENTIFIER = "$(APP_BUNDLE_ID).widgets"; INFOPLIST_FILE = "Configuration/Widget-Info.plist"; GENERATE_INFOPLIST_FILE = "NO"; CODE_SIGN_ENTITLEMENTS = "Configuration/Widget.entitlements"; TARGETED_DEVICE_FAMILY = "1,2"; APPLICATION_EXTENSION_API_ONLY = "YES"; SKIP_INSTALL = "YES"; LD_RUNPATH_SEARCH_PATHS = "$(inherited) @executable_path/Frameworks @executable_path/../../Frameworks"; SUPPORTED_PLATFORMS = "iphoneos iphonesimulator"; SWIFT_OPTIMIZATION_LEVEL = "-Onone"; DEBUG_INFORMATION_FORMAT = "dwarf"; SWIFT_ACTIVE_COMPILATION_CONDITIONS = "DEBUG";}; name = Debug;};
  195027D9DFFEC1AD4B64BB10 = {isa = XCBuildConfiguration; baseConfigurationReference = 9AFF6D0635EDC69078CFB9CF; buildSettings = {PRODUCT_NAME = "$(TARGET_NAME)"; PRODUCT_BUNDLE_IDENTIFIER = "$(APP_BUNDLE_ID).widgets"; INFOPLIST_FILE = "Configuration/Widget-Info.plist"; GENERATE_INFOPLIST_FILE = "NO"; CODE_SIGN_ENTITLEMENTS = "Configuration/Widget.entitlements"; TARGETED_DEVICE_FAMILY = "1,2"; APPLICATION_EXTENSION_API_ONLY = "YES"; SKIP_INSTALL = "YES"; LD_RUNPATH_SEARCH_PATHS = "$(inherited) @executable_path/Frameworks @executable_path/../../Frameworks"; SUPPORTED_PLATFORMS = "iphoneos iphonesimulator"; SWIFT_OPTIMIZATION_LEVEL = "-O"; DEBUG_INFORMATION_FORMAT = "dwarf-with-dsym";}; name = Release;};
  5F82735C846FEA026775DF38 = {isa = XCConfigurationList; buildConfigurations = (95DDE655F8AC3CE30AD003FE, 195027D9DFFEC1AD4B64BB10,); defaultConfigurationIsVisible = 0; defaultConfigurationName = Release;};
  922F9DACDF1BFB7B975A0924 = {isa = PBXNativeTarget; buildConfigurationList = 5F82735C846FEA026775DF38; buildPhases = (2D81737A052BBAAD15A6D3C1, 7683A40AB86681224A5404DF, FE608D3A8638F8175D740C08,); buildRules = (); dependencies = (); name = ClearClassWidgets; productName = ClearClassWidgets; productReference = A168A867E7E0B6B93793BBB2; productType = "com.apple.product-type.app-extension";};
  C84B8AAD5C9FC352BBB79813 = {isa = XCBuildConfiguration; baseConfigurationReference = 9AFF6D0635EDC69078CFB9CF; buildSettings = {PRODUCT_NAME = "$(TARGET_NAME)"; PRODUCT_BUNDLE_IDENTIFIER = "$(APP_BUNDLE_ID).tests"; GENERATE_INFOPLIST_FILE = "YES"; TARGETED_DEVICE_FAMILY = "1,2"; TEST_HOST = "$(BUILT_PRODUCTS_DIR)/ClearClass.app/ClearClass"; BUNDLE_LOADER = "$(TEST_HOST)"; TEST_TARGET_NAME = "ClearClass"; SUPPORTED_PLATFORMS = "iphoneos iphonesimulator"; SWIFT_OPTIMIZATION_LEVEL = "-Onone"; DEBUG_INFORMATION_FORMAT = "dwarf"; SWIFT_ACTIVE_COMPILATION_CONDITIONS = "DEBUG";}; name = Debug;};
  ADE3FB7EDDBCD5C00B1CC5DE = {isa = XCBuildConfiguration; baseConfigurationReference = 9AFF6D0635EDC69078CFB9CF; buildSettings = {PRODUCT_NAME = "$(TARGET_NAME)"; PRODUCT_BUNDLE_IDENTIFIER = "$(APP_BUNDLE_ID).tests"; GENERATE_INFOPLIST_FILE = "YES"; TARGETED_DEVICE_FAMILY = "1,2"; TEST_HOST = "$(BUILT_PRODUCTS_DIR)/ClearClass.app/ClearClass"; BUNDLE_LOADER = "$(TEST_HOST)"; TEST_TARGET_NAME = "ClearClass"; SUPPORTED_PLATFORMS = "iphoneos iphonesimulator"; SWIFT_OPTIMIZATION_LEVEL = "-O"; DEBUG_INFORMATION_FORMAT = "dwarf-with-dsym";}; name = Release;};
  FE9AD794F3D062585BE94E4E = {isa = XCConfigurationList; buildConfigurations = (C84B8AAD5C9FC352BBB79813, ADE3FB7EDDBCD5C00B1CC5DE,); defaultConfigurationIsVisible = 0; defaultConfigurationName = Release;};
  85CDFE54FB72D1AC8917011B = {isa = PBXNativeTarget; buildConfigurationList = FE9AD794F3D062585BE94E4E; buildPhases = (6E431EB0650617AA1756B320, 1ABF84E55BD30AC2CEF8FC42, 7DED7670B79BEA8B7480B1FC,); buildRules = (); dependencies = (31A97550DA64250ABF927519,); name = ClearClassTests; productName = ClearClassTests; productReference = BAD7B1702130EE9A1AA0EADB; productType = "com.apple.product-type.bundle.unit-test";};
  18454B2EA189A1CD7E1A0661 = {isa = PBXProject; attributes = {BuildIndependentTargetsInParallel = YES; LastUpgradeCheck = 2600; TargetAttributes = {425BD908E09D81BFC71EBC87 = {SystemCapabilities = {com.apple.ApplicationGroups.iOS = {enabled = 1;};};}; 922F9DACDF1BFB7B975A0924 = {SystemCapabilities = {com.apple.ApplicationGroups.iOS = {enabled = 1;};};};};}; buildConfigurationList = 862894B703A6DEDF96A9DD6C; compatibilityVersion = "Xcode 14.0"; developmentRegion = zh_CN; hasScannedForEncodings = 0; knownRegions = (zh_CN, en, Base,); mainGroup = E50290A24C49A459B43487C5; productRefGroup = FBDC4F23F93125BBEEAE800C; projectDirPath = ""; projectRoot = ""; targets = (425BD908E09D81BFC71EBC87, 922F9DACDF1BFB7B975A0924, 85CDFE54FB72D1AC8917011B,);};
}; rootObject = 18454B2EA189A1CD7E1A0661;}
